
Microsoft Visual Studio Solution File, Format Version 12.00
# Visual Studio Version 16
VisualStudioVersion = 16.0.29123.88
MinimumVisualStudioVersion = 10.0.40219.1
Project("{FAE04EC0-301F-11D3-BF4B-00C04F79EFBC}") = "FSS", "FSS\FSS.csproj", "{3702A89D-5BBE-4313-AB97-D8EE9606B0D5}"
EndProject
Global
	GlobalSection(SolutionConfigurationPlatforms) = preSolution
		Debug|Any CPU = Debug|Any CPU
		Release|Any CPU = Release|Any CPU
	EndGlobalSection
	GlobalSection(ProjectConfigurationPlatforms) = postSolution
		{3702A89D-5BBE-4313-AB97-D8EE9606B0D5}.Debug|Any CPU.ActiveCfg = Debug|Any CPU
		{3702A89D-5BBE-4313-AB97-D8EE9606B0D5}.Debug|Any CPU.Build.0 = Debug|Any CPU
		{3702A89D-5BBE-4313-AB97-D8EE9606B0D5}.Release|Any CPU.ActiveCfg = Release|Any CPU
		{3702A89D-5BBE-4313-AB97-D8EE9606B0D5}.Release|Any CPU.Build.0 = Release|Any CPU
	EndGlobalSection
	GlobalSection(SolutionProperties) = preSolution
		HideSolutionNode = FALSE
	EndGlobalSection
	GlobalSection(ExtensibilityGlobals) = postSolution
		SolutionGuid = {3BA58262-1189-486B-AE48-E620D0935D1F}
	EndGlobalSection
EndGlobal
